
Microsoft Visual Studio Solution File, Format Version 12.00
# Visual Studio Version 17
VisualStudioVersion = 17.14.36414.22 d17.14
MinimumVisualStudioVersion = 10.0.40219.1
Project("{FAE04EC0-301F-11D3-BF4B-00C04F79EFBC}") = "StudentRegisterWithJSON", "StudentRegisterWithJSON.csproj", "{B7F48CF7-2047-4DAC-9F35-F4969C815A62}"
EndProject
Global
	GlobalSection(SolutionConfigurationPlatforms) = preSolution
		Debug|Any CPU = Debug|Any CPU
		Release|Any CPU = Release|Any CPU
	EndGlobalSection
	GlobalSection(ProjectConfigurationPlatforms) = postSolution
		{B7F48CF7-2047-4DAC-9F35-F4969C815A62}.Debug|Any CPU.ActiveCfg = Debug|Any CPU
		{B7F48CF7-2047-4DAC-9F35-F4969C815A62}.Debug|Any CPU.Build.0 = Debug|Any CPU
		{B7F48CF7-2047-4DAC-9F35-F4969C815A62}.Release|Any CPU.ActiveCfg = Release|Any CPU
		{B7F48CF7-2047-4DAC-9F35-F4969C815A62}.Release|Any CPU.Build.0 = Release|Any CPU
	EndGlobalSection
	GlobalSection(SolutionProperties) = preSolution
		HideSolutionNode = FALSE
	EndGlobalSection
	GlobalSection(ExtensibilityGlobals) = postSolution
		SolutionGuid = {2B9E4520-105C-47F8-A027-A7CC9B5805C6}
	EndGlobalSection
EndGlobal
